// !$*UTF8*$!
{
	archiveVersion = 1;
	classes = {
	};
	objectVersion = 56;
	objects = {

/* Begin PBXBuildFile section */
		4B35CE3F2B0E774D00C9F9F9 /* AppDelegate.swift in Sources */ = {isa = PBXBuildFile; fileRef = 4B35CE3E2B0E774D00C9F9F9 /* AppDelegate.swift */; };
		4B35CE492B0E774D00C9F9F9 /* FeedArranger.xcdatamodeld in Sources */ = {isa = PBXBuildFile; fileRef = 4B35CE472B0E774D00C9F9F9 /* FeedArranger.xcdatamodeld */; };
		4B35CE4B2B0E774E00C9F9F9 /* Assets.xcassets in Resources */ = {isa = PBXBuildFile; fileRef = 4B35CE4A2B0E774E00C9F9F9 /* Assets.xcassets */; };
		4B35CE4E2B0E774E00C9F9F9 /* LaunchScreen.storyboard in Resources */ = {isa = PBXBuildFile; fileRef = 4B35CE4C2B0E774E00C9F9F9 /* LaunchScreen.storyboard */; };
		4B35CE572B0E781200C9F9F9 /* FeedViewController.swift in Sources */ = {isa = PBXBuildFile; fileRef = 4B35CE562B0E781200C9F9F9 /* FeedViewController.swift */; };
		4B35CE5A2B0E86B300C9F9F9 /* FeedControllerBuilder.swift in Sources */ = {isa = PBXBuildFile; fileRef = 4B35CE592B0E86B300C9F9F9 /* FeedControllerBuilder.swift */; };
		4B35CE5C2B0E888800C9F9F9 /* FeedViewModel.swift in Sources */ = {isa = PBXBuildFile; fileRef = 4B35CE5B2B0E888800C9F9F9 /* FeedViewModel.swift */; };
		4B35CE642B0E89CF00C9F9F9 /* FeedUIProvider.swift in Sources */ = {isa = PBXBuildFile; fileRef = 4B35CE632B0E89CF00C9F9F9 /* FeedUIProvider.swift */; };
		4F369A239831E6654DD774C3 /* Pods_FeedArranger.framework in Frameworks */ = {isa = PBXBuildFile; fileRef = 9A8874ACC229EB374B353748 /* Pods_FeedArranger.framework */; };
/* End PBXBuildFile section */

/* Begin PBXFileReference section */
		498A6398BD5FC3B849F3D175 /* Pods-FeedArranger.debug.xcconfig */ = {isa = PBXFileReference; includeInIndex = 1; lastKnownFileType = text.xcconfig; name = "Pods-FeedArranger.debug.xcconfig"; path = "Target Support Files/Pods-FeedArranger/Pods-FeedArranger.debug.xcconfig"; sourceTree = "<group>"; };
		4B35CE3B2B0E774D00C9F9F9 /* FeedArranger.app */ = {isa = PBXFileReference; explicitFileType = wrapper.application; includeInIndex = 0; path = FeedArranger.app; sourceTree = BUILT_PRODUCTS_DIR; };
		4B35CE3E2B0E774D00C9F9F9 /* AppDelegate.swift */ = {isa = PBXFileReference; lastKnownFileType = sourcecode.swift; path = AppDelegate.swift; sourceTree = "<group>"; };
		4B35CE482B0E774D00C9F9F9 /* FeedArranger.xcdatamodel */ = {isa = PBXFileReference; lastKnownFileType = wrapper.xcdatamodel; path = FeedArranger.xcdatamodel; sourceTree = "<group>"; };
		4B35CE4A2B0E774E00C9F9F9 /* Assets.xcassets */ = {isa = PBXFileReference; lastKnownFileType = folder.assetcatalog; path = Assets.xcassets; sourceTree = "<group>"; };
		4B35CE4D2B0E774E00C9F9F9 /* Base */ = {isa = PBXFileReference; lastKnownFileType = file.storyboard; name = Base; path = Base.lproj/LaunchScreen.storyboard; sourceTree = "<group>"; };
		4B35CE4F2B0E774E00C9F9F9 /* Info.plist */ = {isa = PBXFileReference; lastKnownFileType = text.plist.xml; path = Info.plist; sourceTree = "<group>"; };
		4B35CE562B0E781200C9F9F9 /* FeedViewController.swift */ = {isa = PBXFileReference; lastKnownFileType = sourcecode.swift; path = FeedViewController.swift; sourceTree = "<group>"; };
		4B35CE592B0E86B300C9F9F9 /* FeedControllerBuilder.swift */ = {isa = PBXFileReference; lastKnownFileType = sourcecode.swift; path = FeedControllerBuilder.swift; sourceTree = "<group>"; };
		4B35CE5B2B0E888800C9F9F9 /* FeedViewModel.swift */ = {isa = PBXFileReference; lastKnownFileType = sourcecode.swift; path = FeedViewModel.swift; sourceTree = "<group>"; };
		4B35CE632B0E89CF00C9F9F9 /* FeedUIProvider.swift */ = {isa = PBXFileReference; lastKnownFileType = sourcecode.swift; path = FeedUIProvider.swift; sourceTree = "<group>"; };
		9A8874ACC229EB374B353748 /* Pods_FeedArranger.framework */ = {isa = PBXFileReference; explicitFileType = wrapper.framework; includeInIndex = 0; path = Pods_FeedArranger.framework; sourceTree = BUILT_PRODUCTS_DIR; };
		AFE52FDCA3CB4792D445FF01 /* Pods-FeedArranger.release.xcconfig */ = {isa = PBXFileReference; includeInIndex = 1; lastKnownFileType = text.xcconfig; name = "Pods-FeedArranger.release.xcconfig"; path = "Target Support Files/Pods-FeedArranger/Pods-FeedArranger.release.xcconfig"; sourceTree = "<group>"; };
/* End PBXFileReference section */

/* Begin PBXFrameworksBuildPhase section */
		4B35CE382B0E774D00C9F9F9 /* Frameworks */ = {
			isa = PBXFrameworksBuildPhase;
			buildActionMask = 2147483647;
			files = (
				4F369A239831E6654DD774C3 /* Pods_FeedArranger.framework in Frameworks */,
			);
			runOnlyForDeploymentPostprocessing = 0;
		};
/* End PBXFrameworksBuildPhase section */

/* Begin PBXGroup section */
		141E4DF641CD3F6B51BE1B62 /* Pods */ = {
			isa = PBXGroup;
			children = (
				498A6398BD5FC3B849F3D175 /* Pods-FeedArranger.debug.xcconfig */,
				AFE52FDCA3CB4792D445FF01 /* Pods-FeedArranger.release.xcconfig */,
			);
			path = Pods;
			sourceTree = "<group>";
		};
		389141E2C5B11D5F21569C3A /* Frameworks */ = {
			isa = PBXGroup;
			children = (
				9A8874ACC229EB374B353748 /* Pods_FeedArranger.framework */,
			);
			name = Frameworks;
			sourceTree = "<group>";
		};
		4B35CE322B0E774D00C9F9F9 = {
			isa = PBXGroup;
			children = (
				4B35CE3D2B0E774D00C9F9F9 /* FeedArranger */,
				4B35CE3C2B0E774D00C9F9F9 /* Products */,
				141E4DF641CD3F6B51BE1B62 /* Pods */,
				389141E2C5B11D5F21569C3A /* Frameworks */,
			);
			sourceTree = "<group>";
		};
		4B35CE3C2B0E774D00C9F9F9 /* Products */ = {
			isa = PBXGroup;
			children = (
				4B35CE3B2B0E774D00C9F9F9 /* FeedArranger.app */,
			);
			name = Products;
			sourceTree = "<group>";
		};
		4B35CE3D2B0E774D00C9F9F9 /* FeedArranger */ = {
			isa = PBXGroup;
			children = (
				4B35CE602B0E890D00C9F9F9 /* Base Classes */,
				4B35CE5D2B0E88C500C9F9F9 /* Extensions */,
				4B35CE582B0E869C00C9F9F9 /* Feed */,
				4B35CE3E2B0E774D00C9F9F9 /* AppDelegate.swift */,
				4B35CE4A2B0E774E00C9F9F9 /* Assets.xcassets */,
				4B35CE4C2B0E774E00C9F9F9 /* LaunchScreen.storyboard */,
				4B35CE4F2B0E774E00C9F9F9 /* Info.plist */,
				4B35CE472B0E774D00C9F9F9 /* FeedArranger.xcdatamodeld */,
			);
			path = FeedArranger;
			sourceTree = "<group>";
		};
		4B35CE582B0E869C00C9F9F9 /* Feed */ = {
			isa = PBXGroup;
			children = (
				4B35CE592B0E86B300C9F9F9 /* FeedControllerBuilder.swift */,
				4B35CE5B2B0E888800C9F9F9 /* FeedViewModel.swift */,
				4B35CE562B0E781200C9F9F9 /* FeedViewController.swift */,
				4B35CE632B0E89CF00C9F9F9 /* FeedUIProvider.swift */,
			);
			path = Feed;
			sourceTree = "<group>";
		};
		4B35CE5D2B0E88C500C9F9F9 /* Extensions */ = {
			isa = PBXGroup;
			children = (
			);
			path = Extensions;
			sourceTree = "<group>";
		};
		4B35CE602B0E890D00C9F9F9 /* Base Classes */ = {
			isa = PBXGroup;
			children = (
			);
			path = "Base Classes";
			sourceTree = "<group>";
		};
/* End PBXGroup section */

/* Begin PBXNativeTarget section */
		4B35CE3A2B0E774D00C9F9F9 /* FeedArranger */ = {
			isa = PBXNativeTarget;
			buildConfigurationList = 4B35CE522B0E774E00C9F9F9 /* Build configuration list for PBXNativeTarget "FeedArranger" */;
			buildPhases = (
				C78D9F6520D02A9E55EAC12A /* [CP] Check Pods Manifest.lock */,
				4B35CE372B0E774D00C9F9F9 /* Sources */,
				4B35CE382B0E774D00C9F9F9 /* Frameworks */,
				4B35CE392B0E774D00C9F9F9 /* Resources */,
				339187478BAC96C75F5D0B4D /* [CP] Embed Pods Frameworks */,
			);
			buildRules = (
			);
			dependencies = (
			);
			name = FeedArranger;
			productName = FeedArranger;
			productReference = 4B35CE3B2B0E774D00C9F9F9 /* FeedArranger.app */;
			productType = "com.apple.product-type.application";
		};
/* End PBXNativeTarget section */

/* Begin PBXProject section */
		4B35CE332B0E774D00C9F9F9 /* Project object */ = {
			isa = PBXProject;
			attributes = {
				BuildIndependentTargetsInParallel = 1;
				LastSwiftUpdateCheck = 1500;
				LastUpgradeCheck = 1500;
				TargetAttributes = {
					4B35CE3A2B0E774D00C9F9F9 = {
						CreatedOnToolsVersion = 15.0.1;
					};
				};
			};
			buildConfigurationList = 4B35CE362B0E774D00C9F9F9 /* Build configuration list for PBXProject "FeedArranger" */;
			compatibilityVersion = "Xcode 14.0";
			developmentRegion = en;
			hasScannedForEncodings = 0;
			knownRegions = (
				en,
				Base,
			);
			mainGroup = 4B35CE322B0E774D00C9F9F9;
			productRefGroup = 4B35CE3C2B0E774D00C9F9F9 /* Products */;
			projectDirPath = "";
			projectRoot = "";
			targets = (
				4B35CE3A2B0E774D00C9F9F9 /* FeedArranger */,
			);
		};
/* End PBXProject section */

/* Begin PBXResourcesBuildPhase section */
		4B35CE392B0E774D00C9F9F9 /* Resources */ = {
			isa = PBXResourcesBuildPhase;
			buildActionMask = 2147483647;
			files = (
				4B35CE4E2B0E774E00C9F9F9 /* LaunchScreen.storyboard in Resources */,
				4B35CE4B2B0E774E00C9F9F9 /* Assets.xcassets in Resources */,
			);
			runOnlyForDeploymentPostprocessing = 0;
		};
/* End PBXResourcesBuildPhase section */

/* Begin PBXShellScriptBuildPhase section */
		339187478BAC96C75F5D0B4D /* [CP] Embed Pods Frameworks */ = {
			isa = PBXShellScriptBuildPhase;
			buildActionMask = 2147483647;
			files = (
			);
			inputFileListPaths = (
				"${PODS_ROOT}/Target Support Files/Pods-FeedArranger/Pods-FeedArranger-frameworks-${CONFIGURATION}-input-files.xcfilelist",
			);
			name = "[CP] Embed Pods Frameworks";
			outputFileListPaths = (
				"${PODS_ROOT}/Target Support Files/Pods-FeedArranger/Pods-FeedArranger-frameworks-${CONFIGURATION}-output-files.xcfilelist",
			);
			runOnlyForDeploymentPostprocessing = 0;
			shellPath = /bin/sh;
			shellScript = "\"${PODS_ROOT}/Target Support Files/Pods-FeedArranger/Pods-FeedArranger-frameworks.sh\"\n";
			showEnvVarsInLog = 0;
		};
		C78D9F6520D02A9E55EAC12A /* [CP] Check Pods Manifest.lock */ = {
			isa = PBXShellScriptBuildPhase;
			buildActionMask = 2147483647;
			files = (
			);
			inputFileListPaths = (
			);
			inputPaths = (
				"${PODS_PODFILE_DIR_PATH}/Podfile.lock",
				"${PODS_ROOT}/Manifest.lock",
			);
			name = "[CP] Check Pods Manifest.lock";
			outputFileListPaths = (
			);
			outputPaths = (
				"$(DERIVED_FILE_DIR)/Pods-FeedArranger-checkManifestLockResult.txt",
			);
			runOnlyForDeploymentPostprocessing = 0;
			shellPath = /bin/sh;
			shellScript = "diff \"${PODS_PODFILE_DIR_PATH}/Podfile.lock\" \"${PODS_ROOT}/Manifest.lock\" > /dev/null\nif [ $? != 0 ] ; then\n    # print error to STDERR\n    echo \"error: The sandbox is not in sync with the Podfile.lock. Run 'pod install' or update your CocoaPods installation.\" >&2\n    exit 1\nfi\n# This output is used by Xcode 'outputs' to avoid re-running this script phase.\necho \"SUCCESS\" > \"${SCRIPT_OUTPUT_FILE_0}\"\n";
			showEnvVarsInLog = 0;
		};
/* End PBXShellScriptBuildPhase section */

/* Begin PBXSourcesBuildPhase section */
		4B35CE372B0E774D00C9F9F9 /* Sources */ = {
			isa = PBXSourcesBuildPhase;
			buildActionMask = 2147483647;
			files = (
				4B35CE5C2B0E888800C9F9F9 /* FeedViewModel.swift in Sources */,
				4B35CE3F2B0E774D00C9F9F9 /* AppDelegate.swift in Sources */,
				4B35CE642B0E89CF00C9F9F9 /* FeedUIProvider.swift in Sources */,
				4B35CE5A2B0E86B300C9F9F9 /* FeedControllerBuilder.swift in Sources */,
				4B35CE572B0E781200C9F9F9 /* FeedViewController.swift in Sources */,
				4B35CE492B0E774D00C9F9F9 /* FeedArranger.xcdatamodeld in Sources */,
			);
			runOnlyForDeploymentPostprocessing = 0;
		};
/* End PBXSourcesBuildPhase section */

/* Begin PBXVariantGroup section */
		4B35CE4C2B0E774E00C9F9F9 /* LaunchScreen.storyboard */ = {
			isa = PBXVariantGroup;
			children = (
				4B35CE4D2B0E774E00C9F9F9 /* Base */,
			);
			name = LaunchScreen.storyboard;
			sourceTree = "<group>";
		};
/* End PBXVariantGroup section */

/* Begin XCBuildConfiguration section */
		4B35CE502B0E774E00C9F9F9 /* Debug */ = {
			isa = XCBuildConfiguration;
			buildSettings = {
				ALWAYS_SEARCH_USER_PATHS = NO;
				ASSETCATALOG_COMPILER_GENERATE_SWIFT_ASSET_SYMBOL_EXTENSIONS = YES;
				CLANG_ANALYZER_NONNULL = YES;
				CLANG_ANALYZER_NUMBER_OBJECT_CONVERSION = YES_AGGRESSIVE;
				CLANG_CXX_LANGUAGE_STANDARD = "gnu++20";
				CLANG_ENABLE_MODULES = YES;
				CLANG_ENABLE_OBJC_ARC = YES;
				CLANG_ENABLE_OBJC_WEAK = YES;
				CLANG_WARN_BLOCK_CAPTURE_AUTORELEASING = YES;
				CLANG_WARN_BOOL_CONVERSION = YES;
				CLANG_WARN_COMMA = YES;
				CLANG_WARN_CONSTANT_CONVERSION = YES;
				CLANG_WARN_DEPRECATED_OBJC_IMPLEMENTATIONS = YES;
				CLANG_WARN_DIRECT_OBJC_ISA_USAGE = YES_ERROR;
				CLANG_WARN_DOCUMENTATION_COMMENTS = YES;
				CLANG_WARN_EMPTY_BODY = YES;
				CLANG_WARN_ENUM_CONVERSION = YES;
				CLANG_WARN_INFINITE_RECURSION = YES;
				CLANG_WARN_INT_CONVERSION = YES;
				CLANG_WARN_NON_LITERAL_NULL_CONVERSION = YES;
				CLANG_WARN_OBJC_IMPLICIT_RETAIN_SELF = YES;
				CLANG_WARN_OBJC_LITERAL_CONVERSION = YES;
				CLANG_WARN_OBJC_ROOT_CLASS = YES_ERROR;
				CLANG_WARN_QUOTED_INCLUDE_IN_FRAMEWORK_HEADER = YES;
				CLANG_WARN_RANGE_LOOP_ANALYSIS = YES;
				CLANG_WARN_STRICT_PROTOTYPES = YES;
				CLANG_WARN_SUSPICIOUS_MOVE = YES;
				CLANG_WARN_UNGUARDED_AVAILABILITY = YES_AGGRESSIVE;
				CLANG_WARN_UNREACHABLE_CODE = YES;
				CLANG_WARN__DUPLICATE_METHOD_MATCH = YES;
				COPY_PHASE_STRIP = NO;
				DEBUG_INFORMATION_FORMAT = dwarf;
				ENABLE_STRICT_OBJC_MSGSEND = YES;
				ENABLE_TESTABILITY = YES;
				ENABLE_USER_SCRIPT_SANDBOXING = NO;
				GCC_C_LANGUAGE_STANDARD = gnu17;
				GCC_DYNAMIC_NO_PIC = NO;
				GCC_NO_COMMON_BLOCKS = YES;
				GCC_OPTIMIZATION_LEVEL = 0;
				GCC_PREPROCESSOR_DEFINITIONS = (
					"DEBUG=1",
					"$(inherited)",
				);
				GCC_WARN_64_TO_32_BIT_CONVERSION = YES;
				GCC_WARN_ABOUT_RETURN_TYPE = YES_ERROR;
				GCC_WARN_UNDECLARED_SELECTOR = YES;
				GCC_WARN_UNINITIALIZED_AUTOS = YES_AGGRESSIVE;
				GCC_WARN_UNUSED_FUNCTION = YES;
				GCC_WARN_UNUSED_VARIABLE = YES;
				IPHONEOS_DEPLOYMENT_TARGET = 17.0;
				LOCALIZATION_PREFERS_STRING_CATALOGS = YES;
				MTL_ENABLE_DEBUG_INFO = INCLUDE_SOURCE;
				MTL_FAST_MATH = YES;
				ONLY_ACTIVE_ARCH = YES;
				SDKROOT = iphoneos;
				SWIFT_ACTIVE_COMPILATION_CONDITIONS = "DEBUG $(inherited)";
				SWIFT_OPTIMIZATION_LEVEL = "-Onone";
			};
			name = Debug;
		};
		4B35CE512B0E774E00C9F9F9 /* Release */ = {
			isa = XCBuildConfiguration;
			buildSettings = {
				ALWAYS_SEARCH_USER_PATHS = NO;
				ASSETCATALOG_COMPILER_GENERATE_SWIFT_ASSET_SYMBOL_EXTENSIONS = YES;
				CLANG_ANALYZER_NONNULL = YES;
				CLANG_ANALYZER_NUMBER_OBJECT_CONVERSION = YES_AGGRESSIVE;
				CLANG_CXX_LANGUAGE_STANDARD = "gnu++20";
				CLANG_ENABLE_MODULES = YES;
				CLANG_ENABLE_OBJC_ARC = YES;
				CLANG_ENABLE_OBJC_WEAK = YES;
				CLANG_WARN_BLOCK_CAPTURE_AUTORELEASING = YES;
				CLANG_WARN_BOOL_CONVERSION = YES;
				CLANG_WARN_COMMA = YES;
				CLANG_WARN_CONSTANT_CONVERSION = YES;
				CLANG_WARN_DEPRECATED_OBJC_IMPLEMENTATIONS = YES;
				CLANG_WARN_DIRECT_OBJC_ISA_USAGE = YES_ERROR;
				CLANG_WARN_DOCUMENTATION_COMMENTS = YES;
				CLANG_WARN_EMPTY_BODY = YES;
				CLANG_WARN_ENUM_CONVERSION = YES;
				CLANG_WARN_INFINITE_RECURSION = YES;
				CLANG_WARN_INT_CONVERSION = YES;
				CLANG_WARN_NON_LITERAL_NULL_CONVERSION = YES;
				CLANG_WARN_OBJC_IMPLICIT_RETAIN_SELF = YES;
				CLANG_WARN_OBJC_LITERAL_CONVERSION = YES;
				CLANG_WARN_OBJC_ROOT_CLASS = YES_ERROR;
				CLANG_WARN_QUOTED_INCLUDE_IN_FRAMEWORK_HEADER = YES;
				CLANG_WARN_RANGE_LOOP_ANALYSIS = YES;
				CLANG_WARN_STRICT_PROTOTYPES = YES;
				CLANG_WARN_SUSPICIOUS_MOVE = YES;
				CLANG_WARN_UNGUARDED_AVAILABILITY = YES_AGGRESSIVE;
				CLANG_WARN_UNREACHABLE_CODE = YES;
				CLANG_WARN__DUPLICATE_METHOD_MATCH = YES;
				COPY_PHASE_STRIP = NO;
				DEBUG_INFORMATION_FORMAT = "dwarf-with-dsym";
				ENABLE_NS_ASSERTIONS = NO;
				ENABLE_STRICT_OBJC_MSGSEND = YES;
				ENABLE_USER_SCRIPT_SANDBOXING = NO;
				GCC_C_LANGUAGE_STANDARD = gnu17;
				GCC_NO_COMMON_BLOCKS = YES;
				GCC_WARN_64_TO_32_BIT_CONVERSION = YES;
				GCC_WARN_ABOUT_RETURN_TYPE = YES_ERROR;
				GCC_WARN_UNDECLARED_SELECTOR = YES;
				GCC_WARN_UNINITIALIZED_AUTOS = YES_AGGRESSIVE;
				GCC_WARN_UNUSED_FUNCTION = YES;
				GCC_WARN_UNUSED_VARIABLE = YES;
				IPHONEOS_DEPLOYMENT_TARGET = 17.0;
				LOCALIZATION_PREFERS_STRING_CATALOGS = YES;
				MTL_ENABLE_DEBUG_INFO = NO;
				MTL_FAST_MATH = YES;
				SDKROOT = iphoneos;
				SWIFT_COMPILATION_MODE = wholemodule;
				VALIDATE_PRODUCT = YES;
			};
			name = Release;
		};
		4B35CE532B0E774E00C9F9F9 /* Debug */ = {
			isa = XCBuildConfiguration;
			baseConfigurationReference = 498A6398BD5FC3B849F3D175 /* Pods-FeedArranger.debug.xcconfig */;
			buildSettings = {
				ASSETCATALOG_COMPILER_APPICON_NAME = AppIcon;
				ASSETCATALOG_COMPILER_GLOBAL_ACCENT_COLOR_NAME = AccentColor;
				CODE_SIGN_STYLE = Automatic;
				CURRENT_PROJECT_VERSION = 1;
				DEVELOPMENT_TEAM = 4YRSNU8UM4;
				ENABLE_USER_SCRIPT_SANDBOXING = NO;
				GENERATE_INFOPLIST_FILE = YES;
				INFOPLIST_FILE = FeedArranger/Info.plist;
				INFOPLIST_KEY_UIApplicationSupportsIndirectInputEvents = YES;
				INFOPLIST_KEY_UILaunchStoryboardName = LaunchScreen;
				INFOPLIST_KEY_UISupportedInterfaceOrientations_iPad = "UIInterfaceOrientationPortrait UIInterfaceOrientationPortraitUpsideDown UIInterfaceOrientationLandscapeLeft UIInterfaceOrientationLandscapeRight";
				INFOPLIST_KEY_UISupportedInterfaceOrientations_iPhone = "UIInterfaceOrientationPortrait UIInterfaceOrientationLandscapeLeft UIInterfaceOrientationLandscapeRight";
				IPHONEOS_DEPLOYMENT_TARGET = 16.0;
				LD_RUNPATH_SEARCH_PATHS = (
					"$(inherited)",
					"@executable_path/Frameworks",
				);
				MARKETING_VERSION = 1.0;
				PRODUCT_BUNDLE_IDENTIFIER = com.feedArranger.FeedArranger;
				PRODUCT_NAME = "$(TARGET_NAME)";
				SWIFT_EMIT_LOC_STRINGS = YES;
				SWIFT_VERSION = 5.0;
				TARGETED_DEVICE_FAMILY = "1,2";
			};
			name = Debug;
		};
		4B35CE542B0E774E00C9F9F9 /* Release */ = {
			isa = XCBuildConfiguration;
			baseConfigurationReference = AFE52FDCA3CB4792D445FF01 /* Pods-FeedArranger.release.xcconfig */;
			buildSettings = {
				ASSETCATALOG_COMPILER_APPICON_NAME = AppIcon;
				ASSETCATALOG_COMPILER_GLOBAL_ACCENT_COLOR_NAME = AccentColor;
				CODE_SIGN_STYLE = Automatic;
				CURRENT_PROJECT_VERSION = 1;
				DEVELOPMENT_TEAM = 4YRSNU8UM4;
				ENABLE_USER_SCRIPT_SANDBOXING = NO;
				GENERATE_INFOPLIST_FILE = YES;
				INFOPLIST_FILE = FeedArranger/Info.plist;
				INFOPLIST_KEY_UIApplicationSupportsIndirectInputEvents = YES;
				INFOPLIST_KEY_UILaunchStoryboardName = LaunchScreen;
				INFOPLIST_KEY_UISupportedInterfaceOrientations_iPad = "UIInterfaceOrientationPortrait UIInterfaceOrientationPortraitUpsideDown UIInterfaceOrientationLandscapeLeft UIInterfaceOrientationLandscapeRight";
				INFOPLIST_KEY_UISupportedInterfaceOrientations_iPhone = "UIInterfaceOrientationPortrait UIInterfaceOrientationLandscapeLeft UIInterfaceOrientationLandscapeRight";
				IPHONEOS_DEPLOYMENT_TARGET = 16.0;
				LD_RUNPATH_SEARCH_PATHS = (
					"$(inherited)",
					"@executable_path/Frameworks",
				);
				MARKETING_VERSION = 1.0;
				PRODUCT_BUNDLE_IDENTIFIER = com.feedArranger.FeedArranger;
				PRODUCT_NAME = "$(TARGET_NAME)";
				SWIFT_EMIT_LOC_STRINGS = YES;
				SWIFT_VERSION = 5.0;
				TARGETED_DEVICE_FAMILY = "1,2";
			};
			name = Release;
		};
/* End XCBuildConfiguration section */

/* Begin XCConfigurationList section */
		4B35CE362B0E774D00C9F9F9 /* Build configuration list for PBXProject "FeedArranger" */ = {
			isa = XCConfigurationList;
			buildConfigurations = (
				4B35CE502B0E774E00C9F9F9 /* Debug */,
				4B35CE512B0E774E00C9F9F9 /* Release */,
			);
			defaultConfigurationIsVisible = 0;
			defaultConfigurationName = Release;
		};
		4B35CE522B0E774E00C9F9F9 /* Build configuration list for PBXNativeTarget "FeedArranger" */ = {
			isa = XCConfigurationList;
			buildConfigurations = (
				4B35CE532B0E774E00C9F9F9 /* Debug */,
				4B35CE542B0E774E00C9F9F9 /* Release */,
			);
			defaultConfigurationIsVisible = 0;
			defaultConfigurationName = Release;
		};
/* End XCConfigurationList section */

/* Begin XCVersionGroup section */
		4B35CE472B0E774D00C9F9F9 /* FeedArranger.xcdatamodeld */ = {
			isa = XCVersionGroup;
			children = (
				4B35CE482B0E774D00C9F9F9 /* FeedArranger.xcdatamodel */,
			);
			currentVersion = 4B35CE482B0E774D00C9F9F9 /* FeedArranger.xcdatamodel */;
			path = FeedArranger.xcdatamodeld;
			sourceTree = "<group>";
			versionGroupType = wrapper.xcdatamodel;
		};
/* End XCVersionGroup section */
	};
	rootObject = 4B35CE332B0E774D00C9F9F9 /* Project object */;
}
